
Microsoft Visual Studio Solution File, Format Version 12.00
# Visual Studio Version 17
VisualStudioVersion = 17.9.34701.34
MinimumVisualStudioVersion = 10.0.40219.1
Project("{2150E333-8FDC-42A3-9474-1A3956D46DE8}") = "FrontEnd", "FrontEnd", "{FA631A48-276E-4F50-A925-83C43C849557}"
EndProject
Project("{2150E333-8FDC-42A3-9474-1A3956D46DE8}") = "Gateway", "Gateway", "{7BA084FF-DB9E-4E7B-A1B1-70FB862F11DB}"
EndProject
Project("{2150E333-8FDC-42A3-9474-1A3956D46DE8}") = "Intergration", "Intergration", "{53F3CA83-99FA-4912-A70D-F99F993D0A4C}"
EndProject
Project("{2150E333-8FDC-42A3-9474-1A3956D46DE8}") = "Services", "Services", "{84EB3E58-31E6-4499-882C-05F1B94AA620}"
EndProject
Project("{9A19103F-16F7-4668-BE54-9A1E7A4F7556}") = "Mango.Service.CouponAPI", "Mango.Service.CouponAPI\Mango.Service.CouponAPI.csproj", "{E62A401E-83FC-4083-A1F8-070D3CED188A}"
EndProject
Project("{9A19103F-16F7-4668-BE54-9A1E7A4F7556}") = "Mango.Web", "Mango.Web\Mango.Web.csproj", "{D029AEC0-3E51-44A2-883F-44D378344354}"
EndProject
Project("{FAE04EC0-301F-11D3-BF4B-00C04F79EFBC}") = "Mango.Service.AuthAPI", "Mango.Service.AuthAPI\Mango.Service.AuthAPI.csproj", "{D0D126BE-1EC9-4994-A537-DBC3AD0799A1}"
EndProject
Global
	GlobalSection(SolutionConfigurationPlatforms) = preSolution
		Debug|Any CPU = Debug|Any CPU
		Release|Any CPU = Release|Any CPU
	EndGlobalSection
	GlobalSection(ProjectConfigurationPlatforms) = postSolution
		{E62A401E-83FC-4083-A1F8-070D3CED188A}.Debug|Any CPU.ActiveCfg = Debug|Any CPU
		{E62A401E-83FC-4083-A1F8-070D3CED188A}.Debug|Any CPU.Build.0 = Debug|Any CPU
		{E62A401E-83FC-4083-A1F8-070D3CED188A}.Release|Any CPU.ActiveCfg = Release|Any CPU
		{E62A401E-83FC-4083-A1F8-070D3CED188A}.Release|Any CPU.Build.0 = Release|Any CPU
		{D029AEC0-3E51-44A2-883F-44D378344354}.Debug|Any CPU.ActiveCfg = Debug|Any CPU
		{D029AEC0-3E51-44A2-883F-44D378344354}.Debug|Any CPU.Build.0 = Debug|Any CPU
		{D029AEC0-3E51-44A2-883F-44D378344354}.Release|Any CPU.ActiveCfg = Release|Any CPU
		{D029AEC0-3E51-44A2-883F-44D378344354}.Release|Any CPU.Build.0 = Release|Any CPU
		{D0D126BE-1EC9-4994-A537-DBC3AD0799A1}.Debug|Any CPU.ActiveCfg = Debug|Any CPU
		{D0D126BE-1EC9-4994-A537-DBC3AD0799A1}.Debug|Any CPU.Build.0 = Debug|Any CPU
		{D0D126BE-1EC9-4994-A537-DBC3AD0799A1}.Release|Any CPU.ActiveCfg = Release|Any CPU
		{D0D126BE-1EC9-4994-A537-DBC3AD0799A1}.Release|Any CPU.Build.0 = Release|Any CPU
	EndGlobalSection
	GlobalSection(SolutionProperties) = preSolution
		HideSolutionNode = FALSE
	EndGlobalSection
	GlobalSection(NestedProjects) = preSolution
		{E62A401E-83FC-4083-A1F8-070D3CED188A} = {84EB3E58-31E6-4499-882C-05F1B94AA620}
		{D029AEC0-3E51-44A2-883F-44D378344354} = {FA631A48-276E-4F50-A925-83C43C849557}
		{D0D126BE-1EC9-4994-A537-DBC3AD0799A1} = {84EB3E58-31E6-4499-882C-05F1B94AA620}
	EndGlobalSection
	GlobalSection(ExtensibilityGlobals) = postSolution
		SolutionGuid = {CEECC005-4136-464B-98DE-8101940AB197}
	EndGlobalSection
EndGlobal
